// !$*UTF8*$!
{
	archiveVersion = 1;
	classes = {
	};
	objectVersion = 55;
	objects = {

/* Begin PBXBuildFile section */
		2904CBB327F4E24800C37950 /* AppleWatchPlaygrounds WatchKit App.app in Embed Watch Content */ = {isa = PBXBuildFile; fileRef = 2904CBB227F4E24800C37950 /* AppleWatchPlaygrounds WatchKit App.app */; settings = {ATTRIBUTES = (RemoveHeadersOnCopy, ); }; };
		2904CBB827F4E24900C37950 /* Assets.xcassets in Resources */ = {isa = PBXBuildFile; fileRef = 2904CBB727F4E24900C37950 /* Assets.xcassets */; };
		2904CBBE27F4E24900C37950 /* AppleWatchPlaygrounds WatchKit Extension.appex in Embed App Extensions */ = {isa = PBXBuildFile; fileRef = 2904CBBD27F4E24900C37950 /* AppleWatchPlaygrounds WatchKit Extension.appex */; settings = {ATTRIBUTES = (RemoveHeadersOnCopy, ); }; };
		2904CBC327F4E24900C37950 /* AppleWatchPlaygroundsApp.swift in Sources */ = {isa = PBXBuildFile; fileRef = 2904CBC227F4E24900C37950 /* AppleWatchPlaygroundsApp.swift */; };
		2904CBC527F4E24900C37950 /* ContentView.swift in Sources */ = {isa = PBXBuildFile; fileRef = 2904CBC427F4E24900C37950 /* ContentView.swift */; };
		2904CBC727F4E24900C37950 /* NotificationController.swift in Sources */ = {isa = PBXBuildFile; fileRef = 2904CBC627F4E24900C37950 /* NotificationController.swift */; };
		2904CBC927F4E24900C37950 /* NotificationView.swift in Sources */ = {isa = PBXBuildFile; fileRef = 2904CBC827F4E24900C37950 /* NotificationView.swift */; };
		2904CBCB27F4E24900C37950 /* ComplicationController.swift in Sources */ = {isa = PBXBuildFile; fileRef = 2904CBCA27F4E24900C37950 /* ComplicationController.swift */; };
		2904CBCD27F4E24A00C37950 /* Assets.xcassets in Resources */ = {isa = PBXBuildFile; fileRef = 2904CBCC27F4E24A00C37950 /* Assets.xcassets */; };
		2904CBD027F4E24A00C37950 /* Preview Assets.xcassets in Resources */ = {isa = PBXBuildFile; fileRef = 2904CBCF27F4E24A00C37950 /* Preview Assets.xcassets */; };
		2904CBE127F4E61900C37950 /* NamesView.swift in Sources */ = {isa = PBXBuildFile; fileRef = 2904CBE027F4E61900C37950 /* NamesView.swift */; };
		2904CBE327F4E66A00C37950 /* ImagesView.swift in Sources */ = {isa = PBXBuildFile; fileRef = 2904CBE227F4E66A00C37950 /* ImagesView.swift */; };
		2904CBE527F4E7AE00C37950 /* Player.swift in Sources */ = {isa = PBXBuildFile; fileRef = 2904CBE427F4E7AE00C37950 /* Player.swift */; };
		2904CBE827F4E8D200C37950 /* ModelData.swift in Sources */ = {isa = PBXBuildFile; fileRef = 2904CBE727F4E8D200C37950 /* ModelData.swift */; };
/* End PBXBuildFile section */

/* Begin PBXContainerItemProxy section */
		2904CBB427F4E24800C37950 /* PBXContainerItemProxy */ = {
			isa = PBXContainerItemProxy;
			containerPortal = 2904CBA827F4E24700C37950 /* Project object */;
			proxyType = 1;
			remoteGlobalIDString = 2904CBB127F4E24800C37950;
			remoteInfo = "AppleWatchPlaygrounds WatchKit App";
		};
		2904CBBF27F4E24900C37950 /* PBXContainerItemProxy */ = {
			isa = PBXContainerItemProxy;
			containerPortal = 2904CBA827F4E24700C37950 /* Project object */;
			proxyType = 1;
			remoteGlobalIDString = 2904CBBC27F4E24900C37950;
			remoteInfo = "AppleWatchPlaygrounds WatchKit Extension";
		};
/* End PBXContainerItemProxy section */

/* Begin PBXCopyFilesBuildPhase section */
		2904CBD827F4E24A00C37950 /* Embed App Extensions */ = {
			isa = PBXCopyFilesBuildPhase;
			buildActionMask = 2147483647;
			dstPath = "";
			dstSubfolderSpec = 13;
			files = (
				2904CBBE27F4E24900C37950 /* AppleWatchPlaygrounds WatchKit Extension.appex in Embed App Extensions */,
			);
			name = "Embed App Extensions";
			runOnlyForDeploymentPostprocessing = 0;
		};
		2904CBDC27F4E24A00C37950 /* Embed Watch Content */ = {
			isa = PBXCopyFilesBuildPhase;
			buildActionMask = 2147483647;
			dstPath = "$(CONTENTS_FOLDER_PATH)/Watch";
			dstSubfolderSpec = 16;
			files = (
				2904CBB327F4E24800C37950 /* AppleWatchPlaygrounds WatchKit App.app in Embed Watch Content */,
			);
			name = "Embed Watch Content";
			runOnlyForDeploymentPostprocessing = 0;
		};
/* End PBXCopyFilesBuildPhase section */

/* Begin PBXFileReference section */
		2904CBAE27F4E24700C37950 /* AppleWatchPlaygrounds.app */ = {isa = PBXFileReference; explicitFileType = wrapper.application; includeInIndex = 0; path = AppleWatchPlaygrounds.app; sourceTree = BUILT_PRODUCTS_DIR; };
		2904CBB227F4E24800C37950 /* AppleWatchPlaygrounds WatchKit App.app */ = {isa = PBXFileReference; explicitFileType = wrapper.application; includeInIndex = 0; path = "AppleWatchPlaygrounds WatchKit App.app"; sourceTree = BUILT_PRODUCTS_DIR; };
		2904CBB727F4E24900C37950 /* Assets.xcassets */ = {isa = PBXFileReference; lastKnownFileType = folder.assetcatalog; path = Assets.xcassets; sourceTree = "<group>"; };
		2904CBBD27F4E24900C37950 /* AppleWatchPlaygrounds WatchKit Extension.appex */ = {isa = PBXFileReference; explicitFileType = "wrapper.app-extension"; includeInIndex = 0; path = "AppleWatchPlaygrounds WatchKit Extension.appex"; sourceTree = BUILT_PRODUCTS_DIR; };
		2904CBC227F4E24900C37950 /* AppleWatchPlaygroundsApp.swift */ = {isa = PBXFileReference; lastKnownFileType = sourcecode.swift; path = AppleWatchPlaygroundsApp.swift; sourceTree = "<group>"; };
		2904CBC427F4E24900C37950 /* ContentView.swift */ = {isa = PBXFileReference; lastKnownFileType = sourcecode.swift; path = ContentView.swift; sourceTree = "<group>"; };
		2904CBC627F4E24900C37950 /* NotificationController.swift */ = {isa = PBXFileReference; lastKnownFileType = sourcecode.swift; path = NotificationController.swift; sourceTree = "<group>"; };
		2904CBC827F4E24900C37950 /* NotificationView.swift */ = {isa = PBXFileReference; lastKnownFileType = sourcecode.swift; path = NotificationView.swift; sourceTree = "<group>"; };
		2904CBCA27F4E24900C37950 /* ComplicationController.swift */ = {isa = PBXFileReference; lastKnownFileType = sourcecode.swift; path = ComplicationController.swift; sourceTree = "<group>"; };
		2904CBCC27F4E24A00C37950 /* Assets.xcassets */ = {isa = PBXFileReference; lastKnownFileType = folder.assetcatalog; path = Assets.xcassets; sourceTree = "<group>"; };
		2904CBCF27F4E24A00C37950 /* Preview Assets.xcassets */ = {isa = PBXFileReference; lastKnownFileType = folder.assetcatalog; path = "Preview Assets.xcassets"; sourceTree = "<group>"; };
		2904CBD127F4E24A00C37950 /* Info.plist */ = {isa = PBXFileReference; lastKnownFileType = text.plist.xml; path = Info.plist; sourceTree = "<group>"; };
		2904CBD227F4E24A00C37950 /* PushNotificationPayload.apns */ = {isa = PBXFileReference; lastKnownFileType = text; path = PushNotificationPayload.apns; sourceTree = "<group>"; };
		2904CBE027F4E61900C37950 /* NamesView.swift */ = {isa = PBXFileReference; lastKnownFileType = sourcecode.swift; path = NamesView.swift; sourceTree = "<group>"; };
		2904CBE227F4E66A00C37950 /* ImagesView.swift */ = {isa = PBXFileReference; lastKnownFileType = sourcecode.swift; path = ImagesView.swift; sourceTree = "<group>"; };
		2904CBE427F4E7AE00C37950 /* Player.swift */ = {isa = PBXFileReference; lastKnownFileType = sourcecode.swift; path = Player.swift; sourceTree = "<group>"; };
		2904CBE727F4E8D200C37950 /* ModelData.swift */ = {isa = PBXFileReference; lastKnownFileType = sourcecode.swift; path = ModelData.swift; sourceTree = "<group>"; };
/* End PBXFileReference section */

/* Begin PBXFrameworksBuildPhase section */
		2904CBBA27F4E24900C37950 /* Frameworks */ = {
			isa = PBXFrameworksBuildPhase;
			buildActionMask = 2147483647;
			files = (
			);
			runOnlyForDeploymentPostprocessing = 0;
		};
/* End PBXFrameworksBuildPhase section */

/* Begin PBXGroup section */
		2904CBA727F4E24700C37950 = {
			isa = PBXGroup;
			children = (
				2904CBB627F4E24800C37950 /* AppleWatchPlaygrounds WatchKit App */,
				2904CBC127F4E24900C37950 /* AppleWatchPlaygrounds WatchKit Extension */,
				2904CBAF27F4E24700C37950 /* Products */,
			);
			sourceTree = "<group>";
		};
		2904CBAF27F4E24700C37950 /* Products */ = {
			isa = PBXGroup;
			children = (
				2904CBAE27F4E24700C37950 /* AppleWatchPlaygrounds.app */,
				2904CBB227F4E24800C37950 /* AppleWatchPlaygrounds WatchKit App.app */,
				2904CBBD27F4E24900C37950 /* AppleWatchPlaygrounds WatchKit Extension.appex */,
			);
			name = Products;
			sourceTree = "<group>";
		};
		2904CBB627F4E24800C37950 /* AppleWatchPlaygrounds WatchKit App */ = {
			isa = PBXGroup;
			children = (
				2904CBB727F4E24900C37950 /* Assets.xcassets */,
			);
			path = "AppleWatchPlaygrounds WatchKit App";
			sourceTree = "<group>";
		};
		2904CBC127F4E24900C37950 /* AppleWatchPlaygrounds WatchKit Extension */ = {
			isa = PBXGroup;
			children = (
				2904CBE627F4E7EA00C37950 /* Model */,
				2904CBC227F4E24900C37950 /* AppleWatchPlaygroundsApp.swift */,
				2904CBC427F4E24900C37950 /* ContentView.swift */,
				2904CBE027F4E61900C37950 /* NamesView.swift */,
				2904CBC627F4E24900C37950 /* NotificationController.swift */,
				2904CBC827F4E24900C37950 /* NotificationView.swift */,
				2904CBCA27F4E24900C37950 /* ComplicationController.swift */,
				2904CBE227F4E66A00C37950 /* ImagesView.swift */,
				2904CBCC27F4E24A00C37950 /* Assets.xcassets */,
				2904CBD127F4E24A00C37950 /* Info.plist */,
				2904CBD227F4E24A00C37950 /* PushNotificationPayload.apns */,
				2904CBCE27F4E24A00C37950 /* Preview Content */,
			);
			path = "AppleWatchPlaygrounds WatchKit Extension";
			sourceTree = "<group>";
		};
		2904CBCE27F4E24A00C37950 /* Preview Content */ = {
			isa = PBXGroup;
			children = (
				2904CBCF27F4E24A00C37950 /* Preview Assets.xcassets */,
			);
			path = "Preview Content";
			sourceTree = "<group>";
		};
		2904CBE627F4E7EA00C37950 /* Model */ = {
			isa = PBXGroup;
			children = (
				2904CBE427F4E7AE00C37950 /* Player.swift */,
				2904CBE727F4E8D200C37950 /* ModelData.swift */,
			);
			path = Model;
			sourceTree = "<group>";
		};
/* End PBXGroup section */

/* Begin PBXNativeTarget section */
		2904CBAD27F4E24700C37950 /* AppleWatchPlaygrounds */ = {
			isa = PBXNativeTarget;
			buildConfigurationList = 2904CBDD27F4E24A00C37950 /* Build configuration list for PBXNativeTarget "AppleWatchPlaygrounds" */;
			buildPhases = (
				2904CBAC27F4E24700C37950 /* Resources */,
				2904CBDC27F4E24A00C37950 /* Embed Watch Content */,
			);
			buildRules = (
			);
			dependencies = (
				2904CBB527F4E24800C37950 /* PBXTargetDependency */,
			);
			name = AppleWatchPlaygrounds;
			productName = AppleWatchPlaygrounds;
			productReference = 2904CBAE27F4E24700C37950 /* AppleWatchPlaygrounds.app */;
			productType = "com.apple.product-type.application.watchapp2-container";
		};
		2904CBB127F4E24800C37950 /* AppleWatchPlaygrounds WatchKit App */ = {
			isa = PBXNativeTarget;
			buildConfigurationList = 2904CBD927F4E24A00C37950 /* Build configuration list for PBXNativeTarget "AppleWatchPlaygrounds WatchKit App" */;
			buildPhases = (
				2904CBB027F4E24800C37950 /* Resources */,
				2904CBD827F4E24A00C37950 /* Embed App Extensions */,
			);
			buildRules = (
			);
			dependencies = (
				2904CBC027F4E24900C37950 /* PBXTargetDependency */,
			);
			name = "AppleWatchPlaygrounds WatchKit App";
			productName = "AppleWatchPlaygrounds WatchKit App";
			productReference = 2904CBB227F4E24800C37950 /* AppleWatchPlaygrounds WatchKit App.app */;
			productType = "com.apple.product-type.application.watchapp2";
		};
		2904CBBC27F4E24900C37950 /* AppleWatchPlaygrounds WatchKit Extension */ = {
			isa = PBXNativeTarget;
			buildConfigurationList = 2904CBD527F4E24A00C37950 /* Build configuration list for PBXNativeTarget "AppleWatchPlaygrounds WatchKit Extension" */;
			buildPhases = (
				2904CBB927F4E24900C37950 /* Sources */,
				2904CBBA27F4E24900C37950 /* Frameworks */,
				2904CBBB27F4E24900C37950 /* Resources */,
			);
			buildRules = (
			);
			dependencies = (
			);
			name = "AppleWatchPlaygrounds WatchKit Extension";
			productName = "AppleWatchPlaygrounds WatchKit Extension";
			productReference = 2904CBBD27F4E24900C37950 /* AppleWatchPlaygrounds WatchKit Extension.appex */;
			productType = "com.apple.product-type.watchkit2-extension";
		};
/* End PBXNativeTarget section */

/* Begin PBXProject section */
		2904CBA827F4E24700C37950 /* Project object */ = {
			isa = PBXProject;
			attributes = {
				BuildIndependentTargetsInParallel = 1;
				LastSwiftUpdateCheck = 1320;
				LastUpgradeCheck = 1320;
				TargetAttributes = {
					2904CBAD27F4E24700C37950 = {
						CreatedOnToolsVersion = 13.2.1;
					};
					2904CBB127F4E24800C37950 = {
						CreatedOnToolsVersion = 13.2.1;
					};
					2904CBBC27F4E24900C37950 = {
						CreatedOnToolsVersion = 13.2.1;
					};
				};
			};
			buildConfigurationList = 2904CBAB27F4E24700C37950 /* Build configuration list for PBXProject "AppleWatchPlaygrounds" */;
			compatibilityVersion = "Xcode 13.0";
			developmentRegion = en;
			hasScannedForEncodings = 0;
			knownRegions = (
				en,
				Base,
			);
			mainGroup = 2904CBA727F4E24700C37950;
			productRefGroup = 2904CBAF27F4E24700C37950 /* Products */;
			projectDirPath = "";
			projectRoot = "";
			targets = (
				2904CBAD27F4E24700C37950 /* AppleWatchPlaygrounds */,
				2904CBB127F4E24800C37950 /* AppleWatchPlaygrounds WatchKit App */,
				2904CBBC27F4E24900C37950 /* AppleWatchPlaygrounds WatchKit Extension */,
			);
		};
/* End PBXProject section */

/* Begin PBXResourcesBuildPhase section */
		2904CBAC27F4E24700C37950 /* Resources */ = {
			isa = PBXResourcesBuildPhase;
			buildActionMask = 2147483647;
			files = (
			);
			runOnlyForDeploymentPostprocessing = 0;
		};
		2904CBB027F4E24800C37950 /* Resources */ = {
			isa = PBXResourcesBuildPhase;
			buildActionMask = 2147483647;
			files = (
				2904CBB827F4E24900C37950 /* Assets.xcassets in Resources */,
			);
			runOnlyForDeploymentPostprocessing = 0;
		};
		2904CBBB27F4E24900C37950 /* Resources */ = {
			isa = PBXResourcesBuildPhase;
			buildActionMask = 2147483647;
			files = (
				2904CBD027F4E24A00C37950 /* Preview Assets.xcassets in Resources */,
				2904CBCD27F4E24A00C37950 /* Assets.xcassets in Resources */,
			);
			runOnlyForDeploymentPostprocessing = 0;
		};
/* End PBXResourcesBuildPhase section */

/* Begin PBXSourcesBuildPhase section */
		2904CBB927F4E24900C37950 /* Sources */ = {
			isa = PBXSourcesBuildPhase;
			buildActionMask = 2147483647;
			files = (
				2904CBC727F4E24900C37950 /* NotificationController.swift in Sources */,
				2904CBE127F4E61900C37950 /* NamesView.swift in Sources */,
				2904CBE827F4E8D200C37950 /* ModelData.swift in Sources */,
				2904CBC527F4E24900C37950 /* ContentView.swift in Sources */,
				2904CBE327F4E66A00C37950 /* ImagesView.swift in Sources */,
				2904CBE527F4E7AE00C37950 /* Player.swift in Sources */,
				2904CBCB27F4E24900C37950 /* ComplicationController.swift in Sources */,
				2904CBC327F4E24900C37950 /* AppleWatchPlaygroundsApp.swift in Sources */,
				2904CBC927F4E24900C37950 /* NotificationView.swift in Sources */,
			);
			runOnlyForDeploymentPostprocessing = 0;
		};
/* End PBXSourcesBuildPhase section */

/* Begin PBXTargetDependency section */
		2904CBB527F4E24800C37950 /* PBXTargetDependency */ = {
			isa = PBXTargetDependency;
			target = 2904CBB127F4E24800C37950 /* AppleWatchPlaygrounds WatchKit App */;
			targetProxy = 2904CBB427F4E24800C37950 /* PBXContainerItemProxy */;
		};
		2904CBC027F4E24900C37950 /* PBXTargetDependency */ = {
			isa = PBXTargetDependency;
			target = 2904CBBC27F4E24900C37950 /* AppleWatchPlaygrounds WatchKit Extension */;
			targetProxy = 2904CBBF27F4E24900C37950 /* PBXContainerItemProxy */;
		};
/* End PBXTargetDependency section */

/* Begin XCBuildConfiguration section */
		2904CBD327F4E24A00C37950 /* Debug */ = {
			isa = XCBuildConfiguration;
			buildSettings = {
				ALWAYS_SEARCH_USER_PATHS = NO;
				CLANG_ANALYZER_NONNULL = YES;
				CLANG_ANALYZER_NUMBER_OBJECT_CONVERSION = YES_AGGRESSIVE;
				CLANG_CXX_LANGUAGE_STANDARD = "gnu++17";
				CLANG_CXX_LIBRARY = "libc++";
				CLANG_ENABLE_MODULES = YES;
				CLANG_ENABLE_OBJC_ARC = YES;
				CLANG_ENABLE_OBJC_WEAK = YES;
				CLANG_WARN_BLOCK_CAPTURE_AUTORELEASING = YES;
				CLANG_WARN_BOOL_CONVERSION = YES;
				CLANG_WARN_COMMA = YES;
				CLANG_WARN_CONSTANT_CONVERSION = YES;
				CLANG_WARN_DEPRECATED_OBJC_IMPLEMENTATIONS = YES;
				CLANG_WARN_DIRECT_OBJC_ISA_USAGE = YES_ERROR;
				CLANG_WARN_DOCUMENTATION_COMMENTS = YES;
				CLANG_WARN_EMPTY_BODY = YES;
				CLANG_WARN_ENUM_CONVERSION = YES;
				CLANG_WARN_INFINITE_RECURSION = YES;
				CLANG_WARN_INT_CONVERSION = YES;
				CLANG_WARN_NON_LITERAL_NULL_CONVERSION = YES;
				CLANG_WARN_OBJC_IMPLICIT_RETAIN_SELF = YES;
				CLANG_WARN_OBJC_LITERAL_CONVERSION = YES;
				CLANG_WARN_OBJC_ROOT_CLASS = YES_ERROR;
				CLANG_WARN_QUOTED_INCLUDE_IN_FRAMEWORK_HEADER = YES;
				CLANG_WARN_RANGE_LOOP_ANALYSIS = YES;
				CLANG_WARN_STRICT_PROTOTYPES = YES;
				CLANG_WARN_SUSPICIOUS_MOVE = YES;
				CLANG_WARN_UNGUARDED_AVAILABILITY = YES_AGGRESSIVE;
				CLANG_WARN_UNREACHABLE_CODE = YES;
				CLANG_WARN__DUPLICATE_METHOD_MATCH = YES;
				COPY_PHASE_STRIP = NO;
				DEBUG_INFORMATION_FORMAT = dwarf;
				ENABLE_STRICT_OBJC_MSGSEND = YES;
				ENABLE_TESTABILITY = YES;
				GCC_C_LANGUAGE_STANDARD = gnu11;
				GCC_DYNAMIC_NO_PIC = NO;
				GCC_NO_COMMON_BLOCKS = YES;
				GCC_OPTIMIZATION_LEVEL = 0;
				GCC_PREPROCESSOR_DEFINITIONS = (
					"DEBUG=1",
					"$(inherited)",
				);
				GCC_WARN_64_TO_32_BIT_CONVERSION = YES;
				GCC_WARN_ABOUT_RETURN_TYPE = YES_ERROR;
				GCC_WARN_UNDECLARED_SELECTOR = YES;
				GCC_WARN_UNINITIALIZED_AUTOS = YES_AGGRESSIVE;
				GCC_WARN_UNUSED_FUNCTION = YES;
				GCC_WARN_UNUSED_VARIABLE = YES;
				MTL_ENABLE_DEBUG_INFO = INCLUDE_SOURCE;
				MTL_FAST_MATH = YES;
				ONLY_ACTIVE_ARCH = YES;
				SDKROOT = iphoneos;
				SWIFT_ACTIVE_COMPILATION_CONDITIONS = DEBUG;
				SWIFT_OPTIMIZATION_LEVEL = "-Onone";
			};
			name = Debug;
		};
		2904CBD427F4E24A00C37950 /* Release */ = {
			isa = XCBuildConfiguration;
			buildSettings = {
				ALWAYS_SEARCH_USER_PATHS = NO;
				CLANG_ANALYZER_NONNULL = YES;
				CLANG_ANALYZER_NUMBER_OBJECT_CONVERSION = YES_AGGRESSIVE;
				CLANG_CXX_LANGUAGE_STANDARD = "gnu++17";
				CLANG_CXX_LIBRARY = "libc++";
				CLANG_ENABLE_MODULES = YES;
				CLANG_ENABLE_OBJC_ARC = YES;
				CLANG_ENABLE_OBJC_WEAK = YES;
				CLANG_WARN_BLOCK_CAPTURE_AUTORELEASING = YES;
				CLANG_WARN_BOOL_CONVERSION = YES;
				CLANG_WARN_COMMA = YES;
				CLANG_WARN_CONSTANT_CONVERSION = YES;
				CLANG_WARN_DEPRECATED_OBJC_IMPLEMENTATIONS = YES;
				CLANG_WARN_DIRECT_OBJC_ISA_USAGE = YES_ERROR;
				CLANG_WARN_DOCUMENTATION_COMMENTS = YES;
				CLANG_WARN_EMPTY_BODY = YES;
				CLANG_WARN_ENUM_CONVERSION = YES;
				CLANG_WARN_INFINITE_RECURSION = YES;
				CLANG_WARN_INT_CONVERSION = YES;
				CLANG_WARN_NON_LITERAL_NULL_CONVERSION = YES;
				CLANG_WARN_OBJC_IMPLICIT_RETAIN_SELF = YES;
				CLANG_WARN_OBJC_LITERAL_CONVERSION = YES;
				CLANG_WARN_OBJC_ROOT_CLASS = YES_ERROR;
				CLANG_WARN_QUOTED_INCLUDE_IN_FRAMEWORK_HEADER = YES;
				CLANG_WARN_RANGE_LOOP_ANALYSIS = YES;
				CLANG_WARN_STRICT_PROTOTYPES = YES;
				CLANG_WARN_SUSPICIOUS_MOVE = YES;
				CLANG_WARN_UNGUARDED_AVAILABILITY = YES_AGGRESSIVE;
				CLANG_WARN_UNREACHABLE_CODE = YES;
				CLANG_WARN__DUPLICATE_METHOD_MATCH = YES;
				COPY_PHASE_STRIP = NO;
				DEBUG_INFORMATION_FORMAT = "dwarf-with-dsym";
				ENABLE_NS_ASSERTIONS = NO;
				ENABLE_STRICT_OBJC_MSGSEND = YES;
				GCC_C_LANGUAGE_STANDARD = gnu11;
				GCC_NO_COMMON_BLOCKS = YES;
				GCC_WARN_64_TO_32_BIT_CONVERSION = YES;
				GCC_WARN_ABOUT_RETURN_TYPE = YES_ERROR;
				GCC_WARN_UNDECLARED_SELECTOR = YES;
				GCC_WARN_UNINITIALIZED_AUTOS = YES_AGGRESSIVE;
				GCC_WARN_UNUSED_FUNCTION = YES;
				GCC_WARN_UNUSED_VARIABLE = YES;
				MTL_ENABLE_DEBUG_INFO = NO;
				MTL_FAST_MATH = YES;
				SDKROOT = iphoneos;
				SWIFT_COMPILATION_MODE = wholemodule;
				SWIFT_OPTIMIZATION_LEVEL = "-O";
				VALIDATE_PRODUCT = YES;
			};
			name = Release;
		};
		2904CBD627F4E24A00C37950 /* Debug */ = {
			isa = XCBuildConfiguration;
			buildSettings = {
				ASSETCATALOG_COMPILER_COMPLICATION_NAME = Complication;
				CODE_SIGN_STYLE = Automatic;
				CURRENT_PROJECT_VERSION = 1;
				DEVELOPMENT_ASSET_PATHS = "\"AppleWatchPlaygrounds WatchKit Extension/Preview Content\"";
				DEVELOPMENT_TEAM = 42978H3GP3;
				ENABLE_PREVIEWS = YES;
				GENERATE_INFOPLIST_FILE = YES;
				INFOPLIST_FILE = "AppleWatchPlaygrounds WatchKit Extension/Info.plist";
				INFOPLIST_KEY_CFBundleDisplayName = "AppleWatchPlaygrounds WatchKit Extension";
				INFOPLIST_KEY_CLKComplicationPrincipalClass = "$(PRODUCT_MODULE_NAME).ComplicationController";
				INFOPLIST_KEY_NSHumanReadableCopyright = "";
				INFOPLIST_KEY_WKWatchOnly = YES;
				LD_RUNPATH_SEARCH_PATHS = (
					"$(inherited)",
					"@executable_path/Frameworks",
					"@executable_path/../../Frameworks",
				);
				MARKETING_VERSION = 1.0;
				PRODUCT_BUNDLE_IDENTIFIER = com.giovanni.AppleWatchPlaygrounds.watchkitapp.watchkitextension;
				PRODUCT_NAME = "${TARGET_NAME}";
				SDKROOT = watchos;
				SKIP_INSTALL = YES;
				SWIFT_EMIT_LOC_STRINGS = YES;
				SWIFT_VERSION = 5.0;
				TARGETED_DEVICE_FAMILY = 4;
				WATCHOS_DEPLOYMENT_TARGET = 8.3;
			};
			name = Debug;
		};
		2904CBD727F4E24A00C37950 /* Release */ = {
			isa = XCBuildConfiguration;
			buildSettings = {
				ASSETCATALOG_COMPILER_COMPLICATION_NAME = Complication;
				CODE_SIGN_STYLE = Automatic;
				CURRENT_PROJECT_VERSION = 1;
				DEVELOPMENT_ASSET_PATHS = "\"AppleWatchPlaygrounds WatchKit Extension/Preview Content\"";
				DEVELOPMENT_TEAM = 42978H3GP3;
				ENABLE_PREVIEWS = YES;
				GENERATE_INFOPLIST_FILE = YES;
				INFOPLIST_FILE = "AppleWatchPlaygrounds WatchKit Extension/Info.plist";
				INFOPLIST_KEY_CFBundleDisplayName = "AppleWatchPlaygrounds WatchKit Extension";
				INFOPLIST_KEY_CLKComplicationPrincipalClass = "$(PRODUCT_MODULE_NAME).ComplicationController";
				INFOPLIST_KEY_NSHumanReadableCopyright = "";
				INFOPLIST_KEY_WKWatchOnly = YES;
				LD_RUNPATH_SEARCH_PATHS = (
					"$(inherited)",
					"@executable_path/Frameworks",
					"@executable_path/../../Frameworks",
				);
				MARKETING_VERSION = 1.0;
				PRODUCT_BUNDLE_IDENTIFIER = com.giovanni.AppleWatchPlaygrounds.watchkitapp.watchkitextension;
				PRODUCT_NAME = "${TARGET_NAME}";
				SDKROOT = watchos;
				SKIP_INSTALL = YES;
				SWIFT_EMIT_LOC_STRINGS = YES;
				SWIFT_VERSION = 5.0;
				TARGETED_DEVICE_FAMILY = 4;
				WATCHOS_DEPLOYMENT_TARGET = 8.3;
			};
			name = Release;
		};
		2904CBDA27F4E24A00C37950 /* Debug */ = {
			isa = XCBuildConfiguration;
			buildSettings = {
				ALWAYS_EMBED_SWIFT_STANDARD_LIBRARIES = YES;
				ASSETCATALOG_COMPILER_APPICON_NAME = AppIcon;
				ASSETCATALOG_COMPILER_GLOBAL_ACCENT_COLOR_NAME = AccentColor;
				CODE_SIGN_STYLE = Automatic;
				CURRENT_PROJECT_VERSION = 1;
				DEVELOPMENT_TEAM = 42978H3GP3;
				GENERATE_INFOPLIST_FILE = YES;
				IBSC_MODULE = AppleWatchPlaygrounds_WatchKit_Extension;
				INFOPLIST_KEY_CFBundleDisplayName = "AppleWatchPlaygrounds WatchKit App";
				INFOPLIST_KEY_UISupportedInterfaceOrientations = "UIInterfaceOrientationPortrait UIInterfaceOrientationPortraitUpsideDown";
				MARKETING_VERSION = 1.0;
				PRODUCT_BUNDLE_IDENTIFIER = com.giovanni.AppleWatchPlaygrounds.watchkitapp;
				PRODUCT_NAME = "$(TARGET_NAME)";
				SDKROOT = watchos;
				SKIP_INSTALL = YES;
				SWIFT_EMIT_LOC_STRINGS = YES;
				SWIFT_VERSION = 5.0;
				TARGETED_DEVICE_FAMILY = 4;
				WATCHOS_DEPLOYMENT_TARGET = 8.3;
			};
			name = Debug;
		};
		2904CBDB27F4E24A00C37950 /* Release */ = {
			isa = XCBuildConfiguration;
			buildSettings = {
				ALWAYS_EMBED_SWIFT_STANDARD_LIBRARIES = YES;
				ASSETCATALOG_COMPILER_APPICON_NAME = AppIcon;
				ASSETCATALOG_COMPILER_GLOBAL_ACCENT_COLOR_NAME = AccentColor;
				CODE_SIGN_STYLE = Automatic;
				CURRENT_PROJECT_VERSION = 1;
				DEVELOPMENT_TEAM = 42978H3GP3;
				GENERATE_INFOPLIST_FILE = YES;
				IBSC_MODULE = AppleWatchPlaygrounds_WatchKit_Extension;
				INFOPLIST_KEY_CFBundleDisplayName = "AppleWatchPlaygrounds WatchKit App";
				INFOPLIST_KEY_UISupportedInterfaceOrientations = "UIInterfaceOrientationPortrait UIInterfaceOrientationPortraitUpsideDown";
				MARKETING_VERSION = 1.0;
				PRODUCT_BUNDLE_IDENTIFIER = com.giovanni.AppleWatchPlaygrounds.watchkitapp;
				PRODUCT_NAME = "$(TARGET_NAME)";
				SDKROOT = watchos;
				SKIP_INSTALL = YES;
				SWIFT_EMIT_LOC_STRINGS = YES;
				SWIFT_VERSION = 5.0;
				TARGETED_DEVICE_FAMILY = 4;
				WATCHOS_DEPLOYMENT_TARGET = 8.3;
			};
			name = Release;
		};
		2904CBDE27F4E24A00C37950 /* Debug */ = {
			isa = XCBuildConfiguration;
			buildSettings = {
				CODE_SIGN_STYLE = Automatic;
				CURRENT_PROJECT_VERSION = 1;
				DEVELOPMENT_TEAM = 42978H3GP3;
				MARKETING_VERSION = 1.0;
				PRODUCT_BUNDLE_IDENTIFIER = com.giovanni.AppleWatchPlaygrounds;
				PRODUCT_NAME = "$(TARGET_NAME)";
				SWIFT_VERSION = 5.0;
			};
			name = Debug;
		};
		2904CBDF27F4E24A00C37950 /* Release */ = {
			isa = XCBuildConfiguration;
			buildSettings = {
				CODE_SIGN_STYLE = Automatic;
				CURRENT_PROJECT_VERSION = 1;
				DEVELOPMENT_TEAM = 42978H3GP3;
				MARKETING_VERSION = 1.0;
				PRODUCT_BUNDLE_IDENTIFIER = com.giovanni.AppleWatchPlaygrounds;
				PRODUCT_NAME = "$(TARGET_NAME)";
				SWIFT_VERSION = 5.0;
			};
			name = Release;
		};
/* End XCBuildConfiguration section */

/* Begin XCConfigurationList section */
		2904CBAB27F4E24700C37950 /* Build configuration list for PBXProject "AppleWatchPlaygrounds" */ = {
			isa = XCConfigurationList;
			buildConfigurations = (
				2904CBD327F4E24A00C37950 /* Debug */,
				2904CBD427F4E24A00C37950 /* Release */,
			);
			defaultConfigurationIsVisible = 0;
			defaultConfigurationName = Release;
		};
		2904CBD527F4E24A00C37950 /* Build configuration list for PBXNativeTarget "AppleWatchPlaygrounds WatchKit Extension" */ = {
			isa = XCConfigurationList;
			buildConfigurations = (
				2904CBD627F4E24A00C37950 /* Debug */,
				2904CBD727F4E24A00C37950 /* Release */,
			);
			defaultConfigurationIsVisible = 0;
			defaultConfigurationName = Release;
		};
		2904CBD927F4E24A00C37950 /* Build configuration list for PBXNativeTarget "AppleWatchPlaygrounds WatchKit App" */ = {
			isa = XCConfigurationList;
			buildConfigurations = (
				2904CBDA27F4E24A00C37950 /* Debug */,
				2904CBDB27F4E24A00C37950 /* Release */,
			);
			defaultConfigurationIsVisible = 0;
			defaultConfigurationName = Release;
		};
		2904CBDD27F4E24A00C37950 /* Build configuration list for PBXNativeTarget "AppleWatchPlaygrounds" */ = {
			isa = XCConfigurationList;
			buildConfigurations = (
				2904CBDE27F4E24A00C37950 /* Debug */,
				2904CBDF27F4E24A00C37950 /* Release */,
			);
			defaultConfigurationIsVisible = 0;
			defaultConfigurationName = Release;
		};
/* End XCConfigurationList section */
	};
	rootObject = 2904CBA827F4E24700C37950 /* Project object */;
}
